
Microsoft Visual Studio Solution File, Format Version 12.00
# Visual Studio Version 17
VisualStudioVersion = 17.4.33213.308
MinimumVisualStudioVersion = 10.0.40219.1
Project("{FAE04EC0-301F-11D3-BF4B-00C04F79EFBC}") = "SportShop", "SportShop.csproj", "{796E5F9F-F33B-48F4-8F78-FF70208006FE}"
EndProject
Global
	GlobalSection(SolutionConfigurationPlatforms) = preSolution
		Debug|Any CPU = Debug|Any CPU
		Release|Any CPU = Release|Any CPU
	EndGlobalSection
	GlobalSection(ProjectConfigurationPlatforms) = postSolution
		{796E5F9F-F33B-48F4-8F78-FF70208006FE}.Debug|Any CPU.ActiveCfg = Debug|Any CPU
		{796E5F9F-F33B-48F4-8F78-FF70208006FE}.Debug|Any CPU.Build.0 = Debug|Any CPU
		{796E5F9F-F33B-48F4-8F78-FF70208006FE}.Release|Any CPU.ActiveCfg = Release|Any CPU
		{796E5F9F-F33B-48F4-8F78-FF70208006FE}.Release|Any CPU.Build.0 = Release|Any CPU
	EndGlobalSection
	GlobalSection(SolutionProperties) = preSolution
		HideSolutionNode = FALSE
	EndGlobalSection
	GlobalSection(ExtensibilityGlobals) = postSolution
		SolutionGuid = {7CC4A964-B3BC-4562-90BA-82CF99B9F065}
	EndGlobalSection
EndGlobal
